
Microsoft Visual Studio Solution File, Format Version 12.00
# Visual Studio Version 17
VisualStudioVersion = 17.10.35013.160
MinimumVisualStudioVersion = 10.0.40219.1
Project("{FAE04EC0-301F-11D3-BF4B-00C04F79EFBC}") = "Module25", "Module25\Module25.csproj", "{ADE5B0D8-6BA7-4361-ADDC-C335BEF91A4F}"
EndProject
Global
	GlobalSection(SolutionConfigurationPlatforms) = preSolution
		Debug|Any CPU = Debug|Any CPU
		Release|Any CPU = Release|Any CPU
	EndGlobalSection
	GlobalSection(ProjectConfigurationPlatforms) = postSolution
		{ADE5B0D8-6BA7-4361-ADDC-C335BEF91A4F}.Debug|Any CPU.ActiveCfg = Debug|Any CPU
		{ADE5B0D8-6BA7-4361-ADDC-C335BEF91A4F}.Debug|Any CPU.Build.0 = Debug|Any CPU
		{ADE5B0D8-6BA7-4361-ADDC-C335BEF91A4F}.Release|Any CPU.ActiveCfg = Release|Any CPU
		{ADE5B0D8-6BA7-4361-ADDC-C335BEF91A4F}.Release|Any CPU.Build.0 = Release|Any CPU
	EndGlobalSection
	GlobalSection(SolutionProperties) = preSolution
		HideSolutionNode = FALSE
	EndGlobalSection
	GlobalSection(ExtensibilityGlobals) = postSolution
		SolutionGuid = {C77C1EB3-2A03-45AE-81E0-5220D91AE67E}
	EndGlobalSection
EndGlobal
